
Microsoft Visual Studio Solution File, Format Version 12.00
# Visual Studio 15
VisualStudioVersion = 15.0.26228.4
MinimumVisualStudioVersion = 10.0.40219.1
Project("{2150E333-8FDC-42A3-9474-1A3956D46DE8}") = "Source", "Source", "{3ECDFD87-D0D1-4B7B-A566-06F55C85FDE5}"
EndProject
Project("{2150E333-8FDC-42A3-9474-1A3956D46DE8}") = "Tests", "Tests", "{2B18A235-0542-47C3-802D-F64AAE948B05}"
EndProject
Project("{9A19103F-16F7-4668-BE54-9A1E7A4F7556}") = "HydraMQ", "src\HydraMQ\HydraMQ.csproj", "{1533C2DB-1B69-4777-8A28-61214EEF9046}"
EndProject
Project("{FAE04EC0-301F-11D3-BF4B-00C04F79EFBC}") = "HydraMQ.Client", "src\HydraMQ.Client\HydraMQ.Client.csproj", "{C81CF956-BF0B-4212-8619-8EE349F1B692}"
EndProject
Project("{FAE04EC0-301F-11D3-BF4B-00C04F79EFBC}") = "HydraMQ.Client.Tests", "tests\HydraMQ.Client.Tests\HydraMQ.Client.Tests.csproj", "{9D9D0010-8891-4714-9EE3-9867F32AF17B}"
EndProject
Global
	GlobalSection(SolutionConfigurationPlatforms) = preSolution
		Debug|Any CPU = Debug|Any CPU
		Release|Any CPU = Release|Any CPU
	EndGlobalSection
	GlobalSection(ProjectConfigurationPlatforms) = postSolution
		{1533C2DB-1B69-4777-8A28-61214EEF9046}.Debug|Any CPU.ActiveCfg = Debug|Any CPU
		{1533C2DB-1B69-4777-8A28-61214EEF9046}.Debug|Any CPU.Build.0 = Debug|Any CPU
		{1533C2DB-1B69-4777-8A28-61214EEF9046}.Release|Any CPU.ActiveCfg = Release|Any CPU
		{1533C2DB-1B69-4777-8A28-61214EEF9046}.Release|Any CPU.Build.0 = Release|Any CPU
		{C81CF956-BF0B-4212-8619-8EE349F1B692}.Debug|Any CPU.ActiveCfg = Debug|Any CPU
		{C81CF956-BF0B-4212-8619-8EE349F1B692}.Debug|Any CPU.Build.0 = Debug|Any CPU
		{C81CF956-BF0B-4212-8619-8EE349F1B692}.Release|Any CPU.ActiveCfg = Release|Any CPU
		{C81CF956-BF0B-4212-8619-8EE349F1B692}.Release|Any CPU.Build.0 = Release|Any CPU
		{9D9D0010-8891-4714-9EE3-9867F32AF17B}.Debug|Any CPU.ActiveCfg = Debug|Any CPU
		{9D9D0010-8891-4714-9EE3-9867F32AF17B}.Debug|Any CPU.Build.0 = Debug|Any CPU
		{9D9D0010-8891-4714-9EE3-9867F32AF17B}.Release|Any CPU.ActiveCfg = Release|Any CPU
		{9D9D0010-8891-4714-9EE3-9867F32AF17B}.Release|Any CPU.Build.0 = Release|Any CPU
	EndGlobalSection
	GlobalSection(SolutionProperties) = preSolution
		HideSolutionNode = FALSE
	EndGlobalSection
	GlobalSection(NestedProjects) = preSolution
		{1533C2DB-1B69-4777-8A28-61214EEF9046} = {3ECDFD87-D0D1-4B7B-A566-06F55C85FDE5}
		{C81CF956-BF0B-4212-8619-8EE349F1B692} = {3ECDFD87-D0D1-4B7B-A566-06F55C85FDE5}
		{9D9D0010-8891-4714-9EE3-9867F32AF17B} = {2B18A235-0542-47C3-802D-F64AAE948B05}
	EndGlobalSection
EndGlobal
